
Microsoft Visual Studio Solution File, Format Version 12.00
# Visual Studio 14
VisualStudioVersion = 14.0.24720.0
MinimumVisualStudioVersion = 10.0.40219.1
Project("{FAE04EC0-301F-11D3-BF4B-00C04F79EFBC}") = "Repositorio", "Repositorio\Repositorio.csproj", "{BE0E19FC-C0AC-47BA-BEBE-6E10E9B9A84D}"
EndProject
Project("{FAE04EC0-301F-11D3-BF4B-00C04F79EFBC}") = "Servicio", "Servicio\Servicio.csproj", "{2138D171-1755-4597-9CA7-21BB2859FDF2}"
EndProject
Project("{8BB2217D-0F2D-49D1-97BC-3654ED321F3B}") = "WebApp", "WebApp\WebApp.xproj", "{D3C8375D-D987-44E8-AFE0-12101B84B8EF}"
EndProject
Global
	GlobalSection(SolutionConfigurationPlatforms) = preSolution
		Debug|Any CPU = Debug|Any CPU
		Release|Any CPU = Release|Any CPU
	EndGlobalSection
	GlobalSection(ProjectConfigurationPlatforms) = postSolution
		{BE0E19FC-C0AC-47BA-BEBE-6E10E9B9A84D}.Debug|Any CPU.ActiveCfg = Debug|Any CPU
		{BE0E19FC-C0AC-47BA-BEBE-6E10E9B9A84D}.Debug|Any CPU.Build.0 = Debug|Any CPU
		{BE0E19FC-C0AC-47BA-BEBE-6E10E9B9A84D}.Release|Any CPU.ActiveCfg = Release|Any CPU
		{BE0E19FC-C0AC-47BA-BEBE-6E10E9B9A84D}.Release|Any CPU.Build.0 = Release|Any CPU
		{2138D171-1755-4597-9CA7-21BB2859FDF2}.Debug|Any CPU.ActiveCfg = Debug|Any CPU
		{2138D171-1755-4597-9CA7-21BB2859FDF2}.Debug|Any CPU.Build.0 = Debug|Any CPU
		{2138D171-1755-4597-9CA7-21BB2859FDF2}.Release|Any CPU.ActiveCfg = Release|Any CPU
		{2138D171-1755-4597-9CA7-21BB2859FDF2}.Release|Any CPU.Build.0 = Release|Any CPU
		{D3C8375D-D987-44E8-AFE0-12101B84B8EF}.Debug|Any CPU.ActiveCfg = Debug|Any CPU
		{D3C8375D-D987-44E8-AFE0-12101B84B8EF}.Debug|Any CPU.Build.0 = Debug|Any CPU
		{D3C8375D-D987-44E8-AFE0-12101B84B8EF}.Release|Any CPU.ActiveCfg = Release|Any CPU
		{D3C8375D-D987-44E8-AFE0-12101B84B8EF}.Release|Any CPU.Build.0 = Release|Any CPU
	EndGlobalSection
	GlobalSection(SolutionProperties) = preSolution
		HideSolutionNode = FALSE
	EndGlobalSection
EndGlobal
